
Microsoft Visual Studio Solution File, Format Version 12.00
# Visual Studio 15
VisualStudioVersion = 15.0.27130.2026
MinimumVisualStudioVersion = 10.0.40219.1
Project("{002A2DE9-8BB6-484D-9802-7E4AD4084715}") = "util", "util\util.visualdproj", "{05AC16CD-C1B0-4179-BDED-C02224749164}"
EndProject
Global
	GlobalSection(SolutionConfigurationPlatforms) = preSolution
		Debug|x64 = Debug|x64
		Debug|x86 = Debug|x86
		Debug-ldc|x64 = Debug-ldc|x64
		Debug-ldc|x86 = Debug-ldc|x86
		Release|x64 = Release|x64
		Release|x86 = Release|x86
		Release-ldc|x64 = Release-ldc|x64
		Release-ldc|x86 = Release-ldc|x86
	EndGlobalSection
	GlobalSection(ProjectConfigurationPlatforms) = postSolution
		{05AC16CD-C1B0-4179-BDED-C02224749164}.Debug|x64.ActiveCfg = Debug|x64
		{05AC16CD-C1B0-4179-BDED-C02224749164}.Debug|x64.Build.0 = Debug|x64
		{05AC16CD-C1B0-4179-BDED-C02224749164}.Debug|x86.ActiveCfg = Debug|Win32
		{05AC16CD-C1B0-4179-BDED-C02224749164}.Debug|x86.Build.0 = Debug|Win32
		{05AC16CD-C1B0-4179-BDED-C02224749164}.Debug-ldc|x64.ActiveCfg = Debug-ldc|x64
		{05AC16CD-C1B0-4179-BDED-C02224749164}.Debug-ldc|x64.Build.0 = Debug-ldc|x64
		{05AC16CD-C1B0-4179-BDED-C02224749164}.Debug-ldc|x86.ActiveCfg = Debug-ldc|Win32
		{05AC16CD-C1B0-4179-BDED-C02224749164}.Debug-ldc|x86.Build.0 = Debug-ldc|Win32
		{05AC16CD-C1B0-4179-BDED-C02224749164}.Release|x64.ActiveCfg = Release|x64
		{05AC16CD-C1B0-4179-BDED-C02224749164}.Release|x64.Build.0 = Release|x64
		{05AC16CD-C1B0-4179-BDED-C02224749164}.Release|x86.ActiveCfg = Release|Win32
		{05AC16CD-C1B0-4179-BDED-C02224749164}.Release|x86.Build.0 = Release|Win32
		{05AC16CD-C1B0-4179-BDED-C02224749164}.Release-ldc|x64.ActiveCfg = Release-ldc|x64
		{05AC16CD-C1B0-4179-BDED-C02224749164}.Release-ldc|x64.Build.0 = Release-ldc|x64
		{05AC16CD-C1B0-4179-BDED-C02224749164}.Release-ldc|x86.ActiveCfg = Release-ldc|Win32
		{05AC16CD-C1B0-4179-BDED-C02224749164}.Release-ldc|x86.Build.0 = Release-ldc|Win32
	EndGlobalSection
	GlobalSection(SolutionProperties) = preSolution
		HideSolutionNode = FALSE
	EndGlobalSection
	GlobalSection(ExtensibilityGlobals) = postSolution
		SolutionGuid = {684FBAF2-2A95-4033-9858-507CD7043659}
	EndGlobalSection
EndGlobal
